
Microsoft Visual Studio Solution File, Format Version 12.00
# Visual Studio Version 17
VisualStudioVersion = 17.14.36908.2 d17.14
MinimumVisualStudioVersion = 10.0.40219.1
Project("{FAE04EC0-301F-11D3-BF4B-00C04F79EFBC}") = "OOPsReview", "OOPsReview\OOPsReview.csproj", "{E5A702A8-DF0C-4F4A-85B8-0B08C6E36CEE}"
EndProject
Global
	GlobalSection(SolutionConfigurationPlatforms) = preSolution
		Debug|Any CPU = Debug|Any CPU
		Release|Any CPU = Release|Any CPU
	EndGlobalSection
	GlobalSection(ProjectConfigurationPlatforms) = postSolution
		{E5A702A8-DF0C-4F4A-85B8-0B08C6E36CEE}.Debug|Any CPU.ActiveCfg = Debug|Any CPU
		{E5A702A8-DF0C-4F4A-85B8-0B08C6E36CEE}.Debug|Any CPU.Build.0 = Debug|Any CPU
		{E5A702A8-DF0C-4F4A-85B8-0B08C6E36CEE}.Release|Any CPU.ActiveCfg = Release|Any CPU
		{E5A702A8-DF0C-4F4A-85B8-0B08C6E36CEE}.Release|Any CPU.Build.0 = Release|Any CPU
	EndGlobalSection
	GlobalSection(SolutionProperties) = preSolution
		HideSolutionNode = FALSE
	EndGlobalSection
	GlobalSection(ExtensibilityGlobals) = postSolution
		SolutionGuid = {25173E5B-5211-4B06-BE8D-4BD265390285}
	EndGlobalSection
EndGlobal
