
Microsoft Visual Studio Solution File, Format Version 12.00
# Visual Studio Version 17
VisualStudioVersion = 17.12.35527.113 d17.12
MinimumVisualStudioVersion = 10.0.40219.1
Project("{FAE04EC0-301F-11D3-BF4B-00C04F79EFBC}") = "CalculatorApp", "CalculatorApp\CalculatorApp.csproj", "{6AAA9CA7-9341-4BEE-A6A5-C7443FA93149}"
EndProject
Project("{FAE04EC0-301F-11D3-BF4B-00C04F79EFBC}") = "CalculatorTest", "CalculatorTest\CalculatorTest.csproj", "{A95B356F-4F22-4729-BB76-F4A88872F62E}"
EndProject
Global
	GlobalSection(SolutionConfigurationPlatforms) = preSolution
		Debug|Any CPU = Debug|Any CPU
		Release|Any CPU = Release|Any CPU
	EndGlobalSection
	GlobalSection(ProjectConfigurationPlatforms) = postSolution
		{6AAA9CA7-9341-4BEE-A6A5-C7443FA93149}.Debug|Any CPU.ActiveCfg = Debug|Any CPU
		{6AAA9CA7-9341-4BEE-A6A5-C7443FA93149}.Debug|Any CPU.Build.0 = Debug|Any CPU
		{6AAA9CA7-9341-4BEE-A6A5-C7443FA93149}.Release|Any CPU.ActiveCfg = Release|Any CPU
		{6AAA9CA7-9341-4BEE-A6A5-C7443FA93149}.Release|Any CPU.Build.0 = Release|Any CPU
		{A95B356F-4F22-4729-BB76-F4A88872F62E}.Debug|Any CPU.ActiveCfg = Debug|Any CPU
		{A95B356F-4F22-4729-BB76-F4A88872F62E}.Debug|Any CPU.Build.0 = Debug|Any CPU
		{A95B356F-4F22-4729-BB76-F4A88872F62E}.Release|Any CPU.ActiveCfg = Release|Any CPU
		{A95B356F-4F22-4729-BB76-F4A88872F62E}.Release|Any CPU.Build.0 = Release|Any CPU
	EndGlobalSection
	GlobalSection(SolutionProperties) = preSolution
		HideSolutionNode = FALSE
	EndGlobalSection
EndGlobal
