
Microsoft Visual Studio Solution File, Format Version 12.00
# Visual Studio Version 17
VisualStudioVersion = 17.12.35527.113 d17.12
MinimumVisualStudioVersion = 10.0.40219.1
Project("{FAE04EC0-301F-11D3-BF4B-00C04F79EFBC}") = "OOPsReview", "OOPsReview\OOPsReview.csproj", "{4614013A-EDB7-444D-9724-26B1D8D6A20B}"
EndProject
Project("{FAE04EC0-301F-11D3-BF4B-00C04F79EFBC}") = "TestPerson", "TestPerson\TestPerson.csproj", "{EF2F173C-8B51-4FC1-8859-DDE55F74818B}"
EndProject
Global
	GlobalSection(SolutionConfigurationPlatforms) = preSolution
		Debug|Any CPU = Debug|Any CPU
		Release|Any CPU = Release|Any CPU
	EndGlobalSection
	GlobalSection(ProjectConfigurationPlatforms) = postSolution
		{4614013A-EDB7-444D-9724-26B1D8D6A20B}.Debug|Any CPU.ActiveCfg = Debug|Any CPU
		{4614013A-EDB7-444D-9724-26B1D8D6A20B}.Debug|Any CPU.Build.0 = Debug|Any CPU
		{4614013A-EDB7-444D-9724-26B1D8D6A20B}.Release|Any CPU.ActiveCfg = Release|Any CPU
		{4614013A-EDB7-444D-9724-26B1D8D6A20B}.Release|Any CPU.Build.0 = Release|Any CPU
		{EF2F173C-8B51-4FC1-8859-DDE55F74818B}.Debug|Any CPU.ActiveCfg = Debug|Any CPU
		{EF2F173C-8B51-4FC1-8859-DDE55F74818B}.Debug|Any CPU.Build.0 = Debug|Any CPU
		{EF2F173C-8B51-4FC1-8859-DDE55F74818B}.Release|Any CPU.ActiveCfg = Release|Any CPU
		{EF2F173C-8B51-4FC1-8859-DDE55F74818B}.Release|Any CPU.Build.0 = Release|Any CPU
	EndGlobalSection
	GlobalSection(SolutionProperties) = preSolution
		HideSolutionNode = FALSE
	EndGlobalSection
EndGlobal
