
Microsoft Visual Studio Solution File, Format Version 12.00
# Visual Studio Version 17
VisualStudioVersion = 17.12.35728.132 d17.12
MinimumVisualStudioVersion = 10.0.40219.1
Project("{FAE04EC0-301F-11D3-BF4B-00C04F79EFBC}") = "WestWindWebApp", "WestWindWebApp\WestWindWebApp.csproj", "{812D99B1-2A79-41FA-BA3D-AD000791B308}"
EndProject
Project("{FAE04EC0-301F-11D3-BF4B-00C04F79EFBC}") = "ClassWestWindsystem", "ClassWestWindsystem\ClassWestWindsystem.csproj", "{D4FF08F2-54CA-4039-A55B-916639E55BD8}"
EndProject
Global
	GlobalSection(SolutionConfigurationPlatforms) = preSolution
		Debug|Any CPU = Debug|Any CPU
		Release|Any CPU = Release|Any CPU
	EndGlobalSection
	GlobalSection(ProjectConfigurationPlatforms) = postSolution
		{812D99B1-2A79-41FA-BA3D-AD000791B308}.Debug|Any CPU.ActiveCfg = Debug|Any CPU
		{812D99B1-2A79-41FA-BA3D-AD000791B308}.Debug|Any CPU.Build.0 = Debug|Any CPU
		{812D99B1-2A79-41FA-BA3D-AD000791B308}.Release|Any CPU.ActiveCfg = Release|Any CPU
		{812D99B1-2A79-41FA-BA3D-AD000791B308}.Release|Any CPU.Build.0 = Release|Any CPU
		{D4FF08F2-54CA-4039-A55B-916639E55BD8}.Debug|Any CPU.ActiveCfg = Debug|Any CPU
		{D4FF08F2-54CA-4039-A55B-916639E55BD8}.Debug|Any CPU.Build.0 = Debug|Any CPU
		{D4FF08F2-54CA-4039-A55B-916639E55BD8}.Release|Any CPU.ActiveCfg = Release|Any CPU
		{D4FF08F2-54CA-4039-A55B-916639E55BD8}.Release|Any CPU.Build.0 = Release|Any CPU
	EndGlobalSection
	GlobalSection(SolutionProperties) = preSolution
		HideSolutionNode = FALSE
	EndGlobalSection
EndGlobal
